
Microsoft Visual Studio Solution File, Format Version 12.00
# Visual Studio Version 17
VisualStudioVersion = 17.14.36301.6 d17.14
MinimumVisualStudioVersion = 10.0.40219.1
Project("{FC65038C-1B2F-41E1-A629-BED71D161FFF}") = "HelloWorld (USR) [HAR]", "HelloWorld.rnrproj", "{0BDDA83E-68A8-4AF2-A28D-8696970E6849}"
EndProject
Global
	GlobalSection(SolutionConfigurationPlatforms) = preSolution
		Debug|Any CPU = Debug|Any CPU
	EndGlobalSection
	GlobalSection(ProjectConfigurationPlatforms) = postSolution
		{0BDDA83E-68A8-4AF2-A28D-8696970E6849}.Debug|Any CPU.ActiveCfg = Debug|Any CPU
		{0BDDA83E-68A8-4AF2-A28D-8696970E6849}.Debug|Any CPU.Build.0 = Debug|Any CPU
	EndGlobalSection
	GlobalSection(SolutionProperties) = preSolution
		HideSolutionNode = FALSE
	EndGlobalSection
	GlobalSection(ExtensibilityGlobals) = postSolution
		SolutionGuid = {EE425C89-4C3A-4321-A9B1-457CA855F6F2}
	EndGlobalSection
EndGlobal
